
Microsoft Visual Studio Solution File, Format Version 12.00
# Visual Studio Version 16
VisualStudioVersion = 16.0.29519.181
MinimumVisualStudioVersion = 10.0.40219.1
Project("{FAE04EC0-301F-11D3-BF4B-00C04F79EFBC}") = "rating", "rating.csproj", "{1A7E03D7-88FA-408E-AAE4-67B15666AFBE}"
EndProject
Global
	GlobalSection(SolutionConfigurationPlatforms) = preSolution
		Debug|Any CPU = Debug|Any CPU
		Release|Any CPU = Release|Any CPU
	EndGlobalSection
	GlobalSection(ProjectConfigurationPlatforms) = postSolution
		{1A7E03D7-88FA-408E-AAE4-67B15666AFBE}.Debug|Any CPU.ActiveCfg = Debug|Any CPU
		{1A7E03D7-88FA-408E-AAE4-67B15666AFBE}.Debug|Any CPU.Build.0 = Debug|Any CPU
		{1A7E03D7-88FA-408E-AAE4-67B15666AFBE}.Release|Any CPU.ActiveCfg = Release|Any CPU
		{1A7E03D7-88FA-408E-AAE4-67B15666AFBE}.Release|Any CPU.Build.0 = Release|Any CPU
	EndGlobalSection
	GlobalSection(SolutionProperties) = preSolution
		HideSolutionNode = FALSE
	EndGlobalSection
	GlobalSection(ExtensibilityGlobals) = postSolution
		SolutionGuid = {F09FB04D-A22F-4D94-8D4F-C04B965DF012}
	EndGlobalSection
EndGlobal
